
Microsoft Visual Studio Solution File, Format Version 12.00
# Visual Studio 14
VisualStudioVersion = 14.0.25420.1
MinimumVisualStudioVersion = 10.0.40219.1
Project("{FAE04EC0-301F-11D3-BF4B-00C04F79EFBC}") = "XTeam", "XTeam\XTeam.csproj", "{63C085AF-20DF-46CD-A144-052D32C40ECE}"
EndProject
Project("{FAE04EC0-301F-11D3-BF4B-00C04F79EFBC}") = "XTeam.Tests", "XTeam.Tests\XTeam.Tests.csproj", "{0DB2C53F-C7BD-41B2-B49B-5049E7844FFD}"
EndProject
Project("{00D1A9C2-B5F0-4AF3-8072-F6C62B433612}") = "XTeam.DB", "XTeam.DB\XTeam.DB.sqlproj", "{B1C5D019-F922-4CCE-BBCE-A97949BD3735}"
EndProject
Global
	GlobalSection(SolutionConfigurationPlatforms) = preSolution
		Debug|Any CPU = Debug|Any CPU
		Release|Any CPU = Release|Any CPU
	EndGlobalSection
	GlobalSection(ProjectConfigurationPlatforms) = postSolution
		{63C085AF-20DF-46CD-A144-052D32C40ECE}.Debug|Any CPU.ActiveCfg = Debug|Any CPU
		{63C085AF-20DF-46CD-A144-052D32C40ECE}.Debug|Any CPU.Build.0 = Debug|Any CPU
		{63C085AF-20DF-46CD-A144-052D32C40ECE}.Release|Any CPU.ActiveCfg = Release|Any CPU
		{63C085AF-20DF-46CD-A144-052D32C40ECE}.Release|Any CPU.Build.0 = Release|Any CPU
		{0DB2C53F-C7BD-41B2-B49B-5049E7844FFD}.Debug|Any CPU.ActiveCfg = Debug|Any CPU
		{0DB2C53F-C7BD-41B2-B49B-5049E7844FFD}.Debug|Any CPU.Build.0 = Debug|Any CPU
		{0DB2C53F-C7BD-41B2-B49B-5049E7844FFD}.Release|Any CPU.ActiveCfg = Release|Any CPU
		{0DB2C53F-C7BD-41B2-B49B-5049E7844FFD}.Release|Any CPU.Build.0 = Release|Any CPU
		{B1C5D019-F922-4CCE-BBCE-A97949BD3735}.Debug|Any CPU.ActiveCfg = Debug|Any CPU
		{B1C5D019-F922-4CCE-BBCE-A97949BD3735}.Debug|Any CPU.Build.0 = Debug|Any CPU
		{B1C5D019-F922-4CCE-BBCE-A97949BD3735}.Debug|Any CPU.Deploy.0 = Debug|Any CPU
		{B1C5D019-F922-4CCE-BBCE-A97949BD3735}.Release|Any CPU.ActiveCfg = Release|Any CPU
		{B1C5D019-F922-4CCE-BBCE-A97949BD3735}.Release|Any CPU.Build.0 = Release|Any CPU
		{B1C5D019-F922-4CCE-BBCE-A97949BD3735}.Release|Any CPU.Deploy.0 = Release|Any CPU
	EndGlobalSection
	GlobalSection(SolutionProperties) = preSolution
		HideSolutionNode = FALSE
	EndGlobalSection
	GlobalSection(CodealikeProperties) = postSolution
		SolutionGuid = f941d101-102d-494e-9e01-7e08674c3a3a
	EndGlobalSection
EndGlobal
